
Microsoft Visual Studio Solution File, Format Version 12.00
# Visual Studio Version 16
VisualStudioVersion = 16.0.30204.135
MinimumVisualStudioVersion = 10.0.40219.1
Project("{FAE04EC0-301F-11D3-BF4B-00C04F79EFBC}") = "Watches.Domain", "Watches.Domain\Watches.Domain.csproj", "{A01D1C57-0479-4AB6-8D91-6A2C6F00A6DC}"
EndProject
Project("{FAE04EC0-301F-11D3-BF4B-00C04F79EFBC}") = "Watches.DataAccess", "Watches.DataAccess\Watches.DataAccess.csproj", "{309A6461-04A1-448B-888D-7F2251A4CFE8}"
EndProject
Project("{FAE04EC0-301F-11D3-BF4B-00C04F79EFBC}") = "Watches.Application", "Watches.Application\Watches.Application.csproj", "{57555A97-B5B4-43FF-B10F-1F963E874961}"
EndProject
Project("{FAE04EC0-301F-11D3-BF4B-00C04F79EFBC}") = "Watches.Implementation", "Watches.Implementation\Watches.Implementation.csproj", "{66DBA0DF-BC53-42D9-B051-425F56AAF1CC}"
EndProject
Project("{FAE04EC0-301F-11D3-BF4B-00C04F79EFBC}") = "Watches.Api", "Watches.Api\Watches.Api.csproj", "{48E1E38E-4CE3-46E1-960D-B2AD59E8BCD2}"
EndProject
Global
	GlobalSection(SolutionConfigurationPlatforms) = preSolution
		Debug|Any CPU = Debug|Any CPU
		Release|Any CPU = Release|Any CPU
	EndGlobalSection
	GlobalSection(ProjectConfigurationPlatforms) = postSolution
		{A01D1C57-0479-4AB6-8D91-6A2C6F00A6DC}.Debug|Any CPU.ActiveCfg = Debug|Any CPU
		{A01D1C57-0479-4AB6-8D91-6A2C6F00A6DC}.Debug|Any CPU.Build.0 = Debug|Any CPU
		{A01D1C57-0479-4AB6-8D91-6A2C6F00A6DC}.Release|Any CPU.ActiveCfg = Release|Any CPU
		{A01D1C57-0479-4AB6-8D91-6A2C6F00A6DC}.Release|Any CPU.Build.0 = Release|Any CPU
		{309A6461-04A1-448B-888D-7F2251A4CFE8}.Debug|Any CPU.ActiveCfg = Debug|Any CPU
		{309A6461-04A1-448B-888D-7F2251A4CFE8}.Debug|Any CPU.Build.0 = Debug|Any CPU
		{309A6461-04A1-448B-888D-7F2251A4CFE8}.Release|Any CPU.ActiveCfg = Release|Any CPU
		{309A6461-04A1-448B-888D-7F2251A4CFE8}.Release|Any CPU.Build.0 = Release|Any CPU
		{57555A97-B5B4-43FF-B10F-1F963E874961}.Debug|Any CPU.ActiveCfg = Debug|Any CPU
		{57555A97-B5B4-43FF-B10F-1F963E874961}.Debug|Any CPU.Build.0 = Debug|Any CPU
		{57555A97-B5B4-43FF-B10F-1F963E874961}.Release|Any CPU.ActiveCfg = Release|Any CPU
		{57555A97-B5B4-43FF-B10F-1F963E874961}.Release|Any CPU.Build.0 = Release|Any CPU
		{66DBA0DF-BC53-42D9-B051-425F56AAF1CC}.Debug|Any CPU.ActiveCfg = Debug|Any CPU
		{66DBA0DF-BC53-42D9-B051-425F56AAF1CC}.Debug|Any CPU.Build.0 = Debug|Any CPU
		{66DBA0DF-BC53-42D9-B051-425F56AAF1CC}.Release|Any CPU.ActiveCfg = Release|Any CPU
		{66DBA0DF-BC53-42D9-B051-425F56AAF1CC}.Release|Any CPU.Build.0 = Release|Any CPU
		{48E1E38E-4CE3-46E1-960D-B2AD59E8BCD2}.Debug|Any CPU.ActiveCfg = Debug|Any CPU
		{48E1E38E-4CE3-46E1-960D-B2AD59E8BCD2}.Debug|Any CPU.Build.0 = Debug|Any CPU
		{48E1E38E-4CE3-46E1-960D-B2AD59E8BCD2}.Release|Any CPU.ActiveCfg = Release|Any CPU
		{48E1E38E-4CE3-46E1-960D-B2AD59E8BCD2}.Release|Any CPU.Build.0 = Release|Any CPU
	EndGlobalSection
	GlobalSection(SolutionProperties) = preSolution
		HideSolutionNode = FALSE
	EndGlobalSection
	GlobalSection(ExtensibilityGlobals) = postSolution
		SolutionGuid = {5825C8EF-3BEE-468A-A9A3-88030D54C107}
	EndGlobalSection
EndGlobal
